// !$*UTF8*$!
{
	archiveVersion = 1;
	classes = {
	};
	objectVersion = 46;
	objects = {

/* Begin PBXBuildFile section */
		9C9D31FC1E9652E200B7492F /* AppDelegate.swift in Sources */ = {isa = PBXBuildFile; fileRef = 9C9D31FB1E9652E200B7492F /* AppDelegate.swift */; };
		9C9D31FE1E9652E200B7492F /* ViewController.swift in Sources */ = {isa = PBXBuildFile; fileRef = 9C9D31FD1E9652E200B7492F /* ViewController.swift */; };
		9C9D32011E9652E200B7492F /* Arduino_Car_Handler.xcdatamodeld in Sources */ = {isa = PBXBuildFile; fileRef = 9C9D31FF1E9652E200B7492F /* Arduino_Car_Handler.xcdatamodeld */; };
		9C9D32031E9652E200B7492F /* Assets.xcassets in Resources */ = {isa = PBXBuildFile; fileRef = 9C9D32021E9652E200B7492F /* Assets.xcassets */; };
		9C9D32061E9652E200B7492F /* Main.storyboard in Resources */ = {isa = PBXBuildFile; fileRef = 9C9D32041E9652E200B7492F /* Main.storyboard */; };
		9CA43D671E9694E7003D6D9D /* SwiftyJSON.swift in Sources */ = {isa = PBXBuildFile; fileRef = 9CA43D661E9694E7003D6D9D /* SwiftyJSON.swift */; };
		CA8F41B2F0908B13DAE6E951 /* libPods-Arduino Car Handler.a in Frameworks */ = {isa = PBXBuildFile; fileRef = E3011EB3AEB66A2A4B83CCF5 /* libPods-Arduino Car Handler.a */; };
/* End PBXBuildFile section */

/* Begin PBXFileReference section */
		28FDD4D17DDF06189EC7A5AD /* Pods-Arduino Car Handler.release.xcconfig */ = {isa = PBXFileReference; includeInIndex = 1; lastKnownFileType = text.xcconfig; name = "Pods-Arduino Car Handler.release.xcconfig"; path = "Pods/Target Support Files/Pods-Arduino Car Handler/Pods-Arduino Car Handler.release.xcconfig"; sourceTree = "<group>"; };
		6C738361900210EBAB64CC13 /* Pods-Arduino Car Handler.debug.xcconfig */ = {isa = PBXFileReference; includeInIndex = 1; lastKnownFileType = text.xcconfig; name = "Pods-Arduino Car Handler.debug.xcconfig"; path = "Pods/Target Support Files/Pods-Arduino Car Handler/Pods-Arduino Car Handler.debug.xcconfig"; sourceTree = "<group>"; };
		9C9D31F81E9652E200B7492F /* Arduino Car Handler.app */ = {isa = PBXFileReference; explicitFileType = wrapper.application; includeInIndex = 0; path = "Arduino Car Handler.app"; sourceTree = BUILT_PRODUCTS_DIR; };
		9C9D31FB1E9652E200B7492F /* AppDelegate.swift */ = {isa = PBXFileReference; lastKnownFileType = sourcecode.swift; path = AppDelegate.swift; sourceTree = "<group>"; };
		9C9D31FD1E9652E200B7492F /* ViewController.swift */ = {isa = PBXFileReference; lastKnownFileType = sourcecode.swift; path = ViewController.swift; sourceTree = "<group>"; };
		9C9D32001E9652E200B7492F /* Arduino_Car_Handler.xcdatamodel */ = {isa = PBXFileReference; lastKnownFileType = wrapper.xcdatamodel; path = Arduino_Car_Handler.xcdatamodel; sourceTree = "<group>"; };
		9C9D32021E9652E200B7492F /* Assets.xcassets */ = {isa = PBXFileReference; lastKnownFileType = folder.assetcatalog; path = Assets.xcassets; sourceTree = "<group>"; };
		9C9D32051E9652E200B7492F /* Base */ = {isa = PBXFileReference; lastKnownFileType = file.storyboard; name = Base; path = Base.lproj/Main.storyboard; sourceTree = "<group>"; };
		9C9D32071E9652E200B7492F /* Info.plist */ = {isa = PBXFileReference; lastKnownFileType = text.plist.xml; path = Info.plist; sourceTree = "<group>"; };
		9CA43D661E9694E7003D6D9D /* SwiftyJSON.swift */ = {isa = PBXFileReference; fileEncoding = 4; lastKnownFileType = sourcecode.swift; path = SwiftyJSON.swift; sourceTree = "<group>"; };
		C4AF652C1E97728800C6656C /* Arduino_Car_Handler-Bridging-Header.h */ = {isa = PBXFileReference; fileEncoding = 4; lastKnownFileType = sourcecode.c.h; path = "Arduino_Car_Handler-Bridging-Header.h"; sourceTree = "<group>"; };
		E3011EB3AEB66A2A4B83CCF5 /* libPods-Arduino Car Handler.a */ = {isa = PBXFileReference; explicitFileType = archive.ar; includeInIndex = 0; path = "libPods-Arduino Car Handler.a"; sourceTree = BUILT_PRODUCTS_DIR; };
/* End PBXFileReference section */

/* Begin PBXFrameworksBuildPhase section */
		9C9D31F51E9652E200B7492F /* Frameworks */ = {
			isa = PBXFrameworksBuildPhase;
			buildActionMask = 2147483647;
			files = (
				CA8F41B2F0908B13DAE6E951 /* libPods-Arduino Car Handler.a in Frameworks */,
			);
			runOnlyForDeploymentPostprocessing = 0;
		};
/* End PBXFrameworksBuildPhase section */

/* Begin PBXGroup section */
		9C9D31EF1E9652E200B7492F = {
			isa = PBXGroup;
			children = (
				C4AF652C1E97728800C6656C /* Arduino_Car_Handler-Bridging-Header.h */,
				9C9D31FA1E9652E200B7492F /* Arduino Car Handler */,
				9C9D31F91E9652E200B7492F /* Products */,
				DAC9B783623B2363FC178FA5 /* Pods */,
				A42240A26B3BB108BBD116B2 /* Frameworks */,
			);
			sourceTree = "<group>";
		};
		9C9D31F91E9652E200B7492F /* Products */ = {
			isa = PBXGroup;
			children = (
				9C9D31F81E9652E200B7492F /* Arduino Car Handler.app */,
			);
			name = Products;
			sourceTree = "<group>";
		};
		9C9D31FA1E9652E200B7492F /* Arduino Car Handler */ = {
			isa = PBXGroup;
			children = (
				9C9D31FB1E9652E200B7492F /* AppDelegate.swift */,
				9C9D31FD1E9652E200B7492F /* ViewController.swift */,
				9C9D32021E9652E200B7492F /* Assets.xcassets */,
				9C9D32041E9652E200B7492F /* Main.storyboard */,
				9C9D32071E9652E200B7492F /* Info.plist */,
				9C9D31FF1E9652E200B7492F /* Arduino_Car_Handler.xcdatamodeld */,
				9CA43D661E9694E7003D6D9D /* SwiftyJSON.swift */,
			);
			path = "Arduino Car Handler";
			sourceTree = "<group>";
		};
		A42240A26B3BB108BBD116B2 /* Frameworks */ = {
			isa = PBXGroup;
			children = (
				E3011EB3AEB66A2A4B83CCF5 /* libPods-Arduino Car Handler.a */,
			);
			name = Frameworks;
			sourceTree = "<group>";
		};
		DAC9B783623B2363FC178FA5 /* Pods */ = {
			isa = PBXGroup;
			children = (
				6C738361900210EBAB64CC13 /* Pods-Arduino Car Handler.debug.xcconfig */,
				28FDD4D17DDF06189EC7A5AD /* Pods-Arduino Car Handler.release.xcconfig */,
			);
			name = Pods;
			sourceTree = "<group>";
		};
/* End PBXGroup section */

/* Begin PBXNativeTarget section */
		9C9D31F71E9652E200B7492F /* Arduino Car Handler */ = {
			isa = PBXNativeTarget;
			buildConfigurationList = 9C9D320A1E9652E200B7492F /* Build configuration list for PBXNativeTarget "Arduino Car Handler" */;
			buildPhases = (
				AA289DCF5B2C18B4CD39C6D8 /* [CP] Check Pods Manifest.lock */,
				9C9D31F41E9652E200B7492F /* Sources */,
				9C9D31F51E9652E200B7492F /* Frameworks */,
				9C9D31F61E9652E200B7492F /* Resources */,
				56B6CDEB376DDA098736D95B /* [CP] Embed Pods Frameworks */,
				BF0C5555C6B2F4DB80A42704 /* [CP] Copy Pods Resources */,
			);
			buildRules = (
			);
			dependencies = (
			);
			name = "Arduino Car Handler";
			productName = "Arduino Car Handler";
			productReference = 9C9D31F81E9652E200B7492F /* Arduino Car Handler.app */;
			productType = "com.apple.product-type.application";
		};
/* End PBXNativeTarget section */

/* Begin PBXProject section */
		9C9D31F01E9652E200B7492F /* Project object */ = {
			isa = PBXProject;
			attributes = {
				LastSwiftUpdateCheck = 0830;
				LastUpgradeCheck = 0830;
				ORGANIZATIONNAME = "Jerry Yan";
				TargetAttributes = {
					9C9D31F71E9652E200B7492F = {
						CreatedOnToolsVersion = 8.3;
						ProvisioningStyle = Automatic;
					};
				};
			};
			buildConfigurationList = 9C9D31F31E9652E200B7492F /* Build configuration list for PBXProject "Arduino Car Handler" */;
			compatibilityVersion = "Xcode 3.2";
			developmentRegion = English;
			hasScannedForEncodings = 0;
			knownRegions = (
				en,
				Base,
			);
			mainGroup = 9C9D31EF1E9652E200B7492F;
			productRefGroup = 9C9D31F91E9652E200B7492F /* Products */;
			projectDirPath = "";
			projectRoot = "";
			targets = (
				9C9D31F71E9652E200B7492F /* Arduino Car Handler */,
			);
		};
/* End PBXProject section */

/* Begin PBXResourcesBuildPhase section */
		9C9D31F61E9652E200B7492F /* Resources */ = {
			isa = PBXResourcesBuildPhase;
			buildActionMask = 2147483647;
			files = (
				9C9D32031E9652E200B7492F /* Assets.xcassets in Resources */,
				9C9D32061E9652E200B7492F /* Main.storyboard in Resources */,
			);
			runOnlyForDeploymentPostprocessing = 0;
		};
/* End PBXResourcesBuildPhase section */

/* Begin PBXShellScriptBuildPhase section */
		56B6CDEB376DDA098736D95B /* [CP] Embed Pods Frameworks */ = {
			isa = PBXShellScriptBuildPhase;
			buildActionMask = 2147483647;
			files = (
			);
			inputPaths = (
			);
			name = "[CP] Embed Pods Frameworks";
			outputPaths = (
			);
			runOnlyForDeploymentPostprocessing = 0;
			shellPath = /bin/sh;
			shellScript = "\"${SRCROOT}/Pods/Target Support Files/Pods-Arduino Car Handler/Pods-Arduino Car Handler-frameworks.sh\"\n";
			showEnvVarsInLog = 0;
		};
		AA289DCF5B2C18B4CD39C6D8 /* [CP] Check Pods Manifest.lock */ = {
			isa = PBXShellScriptBuildPhase;
			buildActionMask = 2147483647;
			files = (
			);
			inputPaths = (
			);
			name = "[CP] Check Pods Manifest.lock";
			outputPaths = (
			);
			runOnlyForDeploymentPostprocessing = 0;
			shellPath = /bin/sh;
			shellScript = "diff \"${PODS_ROOT}/../Podfile.lock\" \"${PODS_ROOT}/Manifest.lock\" > /dev/null\nif [ $? != 0 ] ; then\n    # print error to STDERR\n    echo \"error: The sandbox is not in sync with the Podfile.lock. Run 'pod install' or update your CocoaPods installation.\" >&2\n    exit 1\nfi\n";
			showEnvVarsInLog = 0;
		};
		BF0C5555C6B2F4DB80A42704 /* [CP] Copy Pods Resources */ = {
			isa = PBXShellScriptBuildPhase;
			buildActionMask = 2147483647;
			files = (
			);
			inputPaths = (
			);
			name = "[CP] Copy Pods Resources";
			outputPaths = (
			);
			runOnlyForDeploymentPostprocessing = 0;
			shellPath = /bin/sh;
			shellScript = "\"${SRCROOT}/Pods/Target Support Files/Pods-Arduino Car Handler/Pods-Arduino Car Handler-resources.sh\"\n";
			showEnvVarsInLog = 0;
		};
/* End PBXShellScriptBuildPhase section */

/* Begin PBXSourcesBuildPhase section */
		9C9D31F41E9652E200B7492F /* Sources */ = {
			isa = PBXSourcesBuildPhase;
			buildActionMask = 2147483647;
			files = (
				9C9D32011E9652E200B7492F /* Arduino_Car_Handler.xcdatamodeld in Sources */,
				9C9D31FE1E9652E200B7492F /* ViewController.swift in Sources */,
				9C9D31FC1E9652E200B7492F /* AppDelegate.swift in Sources */,
				9CA43D671E9694E7003D6D9D /* SwiftyJSON.swift in Sources */,
			);
			runOnlyForDeploymentPostprocessing = 0;
		};
/* End PBXSourcesBuildPhase section */

/* Begin PBXVariantGroup section */
		9C9D32041E9652E200B7492F /* Main.storyboard */ = {
			isa = PBXVariantGroup;
			children = (
				9C9D32051E9652E200B7492F /* Base */,
			);
			name = Main.storyboard;
			sourceTree = "<group>";
		};
/* End PBXVariantGroup section */

/* Begin XCBuildConfiguration section */
		9C9D32081E9652E200B7492F /* Debug */ = {
			isa = XCBuildConfiguration;
			buildSettings = {
				ALWAYS_SEARCH_USER_PATHS = NO;
				CLANG_ANALYZER_NONNULL = YES;
				CLANG_ANALYZER_NUMBER_OBJECT_CONVERSION = YES_AGGRESSIVE;
				CLANG_CXX_LANGUAGE_STANDARD = "gnu++0x";
				CLANG_CXX_LIBRARY = "libc++";
				CLANG_ENABLE_MODULES = YES;
				CLANG_ENABLE_OBJC_ARC = YES;
				CLANG_WARN_BOOL_CONVERSION = YES;
				CLANG_WARN_CONSTANT_CONVERSION = YES;
				CLANG_WARN_DIRECT_OBJC_ISA_USAGE = YES_ERROR;
				CLANG_WARN_DOCUMENTATION_COMMENTS = YES;
				CLANG_WARN_EMPTY_BODY = YES;
				CLANG_WARN_ENUM_CONVERSION = YES;
				CLANG_WARN_INFINITE_RECURSION = YES;
				CLANG_WARN_INT_CONVERSION = YES;
				CLANG_WARN_OBJC_ROOT_CLASS = YES_ERROR;
				CLANG_WARN_SUSPICIOUS_MOVE = YES;
				CLANG_WARN_UNREACHABLE_CODE = YES;
				CLANG_WARN__DUPLICATE_METHOD_MATCH = YES;
				CODE_SIGN_IDENTITY = "-";
				COPY_PHASE_STRIP = NO;
				DEBUG_INFORMATION_FORMAT = dwarf;
				ENABLE_STRICT_OBJC_MSGSEND = YES;
				ENABLE_TESTABILITY = YES;
				GCC_C_LANGUAGE_STANDARD = gnu99;
				GCC_DYNAMIC_NO_PIC = NO;
				GCC_NO_COMMON_BLOCKS = YES;
				GCC_OPTIMIZATION_LEVEL = 0;
				GCC_PREPROCESSOR_DEFINITIONS = (
					"DEBUG=1",
					"$(inherited)",
				);
				GCC_WARN_64_TO_32_BIT_CONVERSION = YES;
				GCC_WARN_ABOUT_RETURN_TYPE = YES_ERROR;
				GCC_WARN_UNDECLARED_SELECTOR = YES;
				GCC_WARN_UNINITIALIZED_AUTOS = YES_AGGRESSIVE;
				GCC_WARN_UNUSED_FUNCTION = YES;
				GCC_WARN_UNUSED_VARIABLE = YES;
				MACOSX_DEPLOYMENT_TARGET = 10.12;
				MTL_ENABLE_DEBUG_INFO = YES;
				ONLY_ACTIVE_ARCH = YES;
				SDKROOT = macosx;
				SWIFT_ACTIVE_COMPILATION_CONDITIONS = DEBUG;
				SWIFT_OPTIMIZATION_LEVEL = "-Onone";
			};
			name = Debug;
		};
		9C9D32091E9652E200B7492F /* Release */ = {
			isa = XCBuildConfiguration;
			buildSettings = {
				ALWAYS_SEARCH_USER_PATHS = NO;
				CLANG_ANALYZER_NONNULL = YES;
				CLANG_ANALYZER_NUMBER_OBJECT_CONVERSION = YES_AGGRESSIVE;
				CLANG_CXX_LANGUAGE_STANDARD = "gnu++0x";
				CLANG_CXX_LIBRARY = "libc++";
				CLANG_ENABLE_MODULES = YES;
				CLANG_ENABLE_OBJC_ARC = YES;
				CLANG_WARN_BOOL_CONVERSION = YES;
				CLANG_WARN_CONSTANT_CONVERSION = YES;
				CLANG_WARN_DIRECT_OBJC_ISA_USAGE = YES_ERROR;
				CLANG_WARN_DOCUMENTATION_COMMENTS = YES;
				CLANG_WARN_EMPTY_BODY = YES;
				CLANG_WARN_ENUM_CONVERSION = YES;
				CLANG_WARN_INFINITE_RECURSION = YES;
				CLANG_WARN_INT_CONVERSION = YES;
				CLANG_WARN_OBJC_ROOT_CLASS = YES_ERROR;
				CLANG_WARN_SUSPICIOUS_MOVE = YES;
				CLANG_WARN_UNREACHABLE_CODE = YES;
				CLANG_WARN__DUPLICATE_METHOD_MATCH = YES;
				CODE_SIGN_IDENTITY = "-";
				COPY_PHASE_STRIP = NO;
				DEBUG_INFORMATION_FORMAT = "dwarf-with-dsym";
				ENABLE_NS_ASSERTIONS = NO;
				ENABLE_STRICT_OBJC_MSGSEND = YES;
				GCC_C_LANGUAGE_STANDARD = gnu99;
				GCC_NO_COMMON_BLOCKS = YES;
				GCC_WARN_64_TO_32_BIT_CONVERSION = YES;
				GCC_WARN_ABOUT_RETURN_TYPE = YES_ERROR;
				GCC_WARN_UNDECLARED_SELECTOR = YES;
				GCC_WARN_UNINITIALIZED_AUTOS = YES_AGGRESSIVE;
				GCC_WARN_UNUSED_FUNCTION = YES;
				GCC_WARN_UNUSED_VARIABLE = YES;
				MACOSX_DEPLOYMENT_TARGET = 10.12;
				MTL_ENABLE_DEBUG_INFO = NO;
				SDKROOT = macosx;
				SWIFT_OPTIMIZATION_LEVEL = "-Owholemodule";
			};
			name = Release;
		};
		9C9D320B1E9652E200B7492F /* Debug */ = {
			isa = XCBuildConfiguration;
			baseConfigurationReference = 6C738361900210EBAB64CC13 /* Pods-Arduino Car Handler.debug.xcconfig */;
			buildSettings = {
				ASSETCATALOG_COMPILER_APPICON_NAME = AppIcon;
				COMBINE_HIDPI_IMAGES = YES;
				INFOPLIST_FILE = "Arduino Car Handler/Info.plist";
				LD_RUNPATH_SEARCH_PATHS = "$(inherited) @executable_path/../Frameworks";
				PRODUCT_BUNDLE_IDENTIFIER = "DevJY.Arduino-Car-Handler";
				PRODUCT_NAME = "$(TARGET_NAME)";
				SWIFT_OBJC_BRIDGING_HEADER = "Arduino_Car_Handler-Bridging-Header.h";
				SWIFT_VERSION = 3.0;
			};
			name = Debug;
		};
		9C9D320C1E9652E200B7492F /* Release */ = {
			isa = XCBuildConfiguration;
			baseConfigurationReference = 28FDD4D17DDF06189EC7A5AD /* Pods-Arduino Car Handler.release.xcconfig */;
			buildSettings = {
				ASSETCATALOG_COMPILER_APPICON_NAME = AppIcon;
				COMBINE_HIDPI_IMAGES = YES;
				INFOPLIST_FILE = "Arduino Car Handler/Info.plist";
				LD_RUNPATH_SEARCH_PATHS = "$(inherited) @executable_path/../Frameworks";
				PRODUCT_BUNDLE_IDENTIFIER = "DevJY.Arduino-Car-Handler";
				PRODUCT_NAME = "$(TARGET_NAME)";
				SWIFT_OBJC_BRIDGING_HEADER = "Arduino_Car_Handler-Bridging-Header.h";
				SWIFT_VERSION = 3.0;
			};
			name = Release;
		};
/* End XCBuildConfiguration section */

/* Begin XCConfigurationList section */
		9C9D31F31E9652E200B7492F /* Build configuration list for PBXProject "Arduino Car Handler" */ = {
			isa = XCConfigurationList;
			buildConfigurations = (
				9C9D32081E9652E200B7492F /* Debug */,
				9C9D32091E9652E200B7492F /* Release */,
			);
			defaultConfigurationIsVisible = 0;
			defaultConfigurationName = Release;
		};
		9C9D320A1E9652E200B7492F /* Build configuration list for PBXNativeTarget "Arduino Car Handler" */ = {
			isa = XCConfigurationList;
			buildConfigurations = (
				9C9D320B1E9652E200B7492F /* Debug */,
				9C9D320C1E9652E200B7492F /* Release */,
			);
			defaultConfigurationIsVisible = 0;
			defaultConfigurationName = Release;
		};
/* End XCConfigurationList section */

/* Begin XCVersionGroup section */
		9C9D31FF1E9652E200B7492F /* Arduino_Car_Handler.xcdatamodeld */ = {
			isa = XCVersionGroup;
			children = (
				9C9D32001E9652E200B7492F /* Arduino_Car_Handler.xcdatamodel */,
			);
			currentVersion = 9C9D32001E9652E200B7492F /* Arduino_Car_Handler.xcdatamodel */;
			path = Arduino_Car_Handler.xcdatamodeld;
			sourceTree = "<group>";
			versionGroupType = wrapper.xcdatamodel;
		};
/* End XCVersionGroup section */
	};
	rootObject = 9C9D31F01E9652E200B7492F /* Project object */;
}
